
Microsoft Visual Studio Solution File, Format Version 12.00
Project("{FAE04EC0-301F-11D3-BF4B-00C04F79EFBC}") = "Panaspav1", "Panaspav1\Panaspav1.csproj", "{1082CBB2-4086-4C92-91AF-7E928FABE01B}"
EndProject
Global
	GlobalSection(SolutionConfigurationPlatforms) = preSolution
		Debug|Any CPU = Debug|Any CPU
		Release|Any CPU = Release|Any CPU
	EndGlobalSection
	GlobalSection(ProjectConfigurationPlatforms) = postSolution
		{1082CBB2-4086-4C92-91AF-7E928FABE01B}.Debug|Any CPU.ActiveCfg = Debug|Any CPU
		{1082CBB2-4086-4C92-91AF-7E928FABE01B}.Debug|Any CPU.Build.0 = Debug|Any CPU
		{1082CBB2-4086-4C92-91AF-7E928FABE01B}.Release|Any CPU.ActiveCfg = Release|Any CPU
		{1082CBB2-4086-4C92-91AF-7E928FABE01B}.Release|Any CPU.Build.0 = Release|Any CPU
	EndGlobalSection
EndGlobal
